
Microsoft Visual Studio Solution File, Format Version 12.00
# Visual Studio Version 16
VisualStudioVersion = 16.0.30611.23
MinimumVisualStudioVersion = 10.0.40219.1
Project("{FAE04EC0-301F-11D3-BF4B-00C04F79EFBC}") = "CarDatabase", "CarDatabase.csproj", "{0BE9FCBC-ED1B-4034-8E01-835E4B2B5418}"
EndProject
Global
	GlobalSection(SolutionConfigurationPlatforms) = preSolution
		Debug|Any CPU = Debug|Any CPU
		Release|Any CPU = Release|Any CPU
	EndGlobalSection
	GlobalSection(ProjectConfigurationPlatforms) = postSolution
		{0BE9FCBC-ED1B-4034-8E01-835E4B2B5418}.Debug|Any CPU.ActiveCfg = Debug|Any CPU
		{0BE9FCBC-ED1B-4034-8E01-835E4B2B5418}.Debug|Any CPU.Build.0 = Debug|Any CPU
		{0BE9FCBC-ED1B-4034-8E01-835E4B2B5418}.Release|Any CPU.ActiveCfg = Release|Any CPU
		{0BE9FCBC-ED1B-4034-8E01-835E4B2B5418}.Release|Any CPU.Build.0 = Release|Any CPU
	EndGlobalSection
	GlobalSection(SolutionProperties) = preSolution
		HideSolutionNode = FALSE
	EndGlobalSection
	GlobalSection(ExtensibilityGlobals) = postSolution
		SolutionGuid = {7B5EABEF-EDC7-4401-8BC8-A02CC5E6DEAE}
	EndGlobalSection
EndGlobal
